
Microsoft Visual Studio Solution File, Format Version 12.00
# Visual Studio 2015
Project("{FAE04EC0-301F-11D3-BF4B-00C04F79EFBC}") = "Color Jumper", "Color Jumper.csproj", "{961CA1F9-BFE9-F184-4546-6C7E73EE1998}"
EndProject
Global
	GlobalSection(SolutionConfigurationPlatforms) = preSolution
		Debug|Any CPU = Debug|Any CPU
		Release|Any CPU = Release|Any CPU
	EndGlobalSection
	GlobalSection(ProjectConfigurationPlatforms) = postSolution
		{961CA1F9-BFE9-F184-4546-6C7E73EE1998}.Debug|Any CPU.ActiveCfg = Debug|Any CPU
		{961CA1F9-BFE9-F184-4546-6C7E73EE1998}.Debug|Any CPU.Build.0 = Debug|Any CPU
		{961CA1F9-BFE9-F184-4546-6C7E73EE1998}.Release|Any CPU.ActiveCfg = Release|Any CPU
		{961CA1F9-BFE9-F184-4546-6C7E73EE1998}.Release|Any CPU.Build.0 = Release|Any CPU
	EndGlobalSection
	GlobalSection(SolutionProperties) = preSolution
		HideSolutionNode = FALSE
	EndGlobalSection
EndGlobal
